// !$*UTF8*$!
{
	archiveVersion = 1;
	classes = {
	};
	objectVersion = 46;
	objects = {

/* Begin PBXBuildFile section */
		897F01261BE711F400A047D1 /* AppDelegate.swift in Sources */ = {isa = PBXBuildFile; fileRef = 897F01251BE711F400A047D1 /* AppDelegate.swift */; };
		897F01281BE711F400A047D1 /* ViewController.swift in Sources */ = {isa = PBXBuildFile; fileRef = 897F01271BE711F400A047D1 /* ViewController.swift */; };
		897F012B1BE711F400A047D1 /* Main.storyboard in Resources */ = {isa = PBXBuildFile; fileRef = 897F01291BE711F400A047D1 /* Main.storyboard */; };
		897F012D1BE711F400A047D1 /* Assets.xcassets in Resources */ = {isa = PBXBuildFile; fileRef = 897F012C1BE711F400A047D1 /* Assets.xcassets */; };
		897F01301BE711F400A047D1 /* LaunchScreen.storyboard in Resources */ = {isa = PBXBuildFile; fileRef = 897F012E1BE711F400A047D1 /* LaunchScreen.storyboard */; };
		897F013B1BE711F400A047D1 /* calculatorTests.swift in Sources */ = {isa = PBXBuildFile; fileRef = 897F013A1BE711F400A047D1 /* calculatorTests.swift */; };
		897F01461BE711F400A047D1 /* calculatorUITests.swift in Sources */ = {isa = PBXBuildFile; fileRef = 897F01451BE711F400A047D1 /* calculatorUITests.swift */; };
/* End PBXBuildFile section */

/* Begin PBXContainerItemProxy section */
		897F01371BE711F400A047D1 /* PBXContainerItemProxy */ = {
			isa = PBXContainerItemProxy;
			containerPortal = 897F011A1BE711F400A047D1 /* Project object */;
			proxyType = 1;
			remoteGlobalIDString = 897F01211BE711F400A047D1;
			remoteInfo = calculator;
		};
		897F01421BE711F400A047D1 /* PBXContainerItemProxy */ = {
			isa = PBXContainerItemProxy;
			containerPortal = 897F011A1BE711F400A047D1 /* Project object */;
			proxyType = 1;
			remoteGlobalIDString = 897F01211BE711F400A047D1;
			remoteInfo = calculator;
		};
/* End PBXContainerItemProxy section */

/* Begin PBXFileReference section */
		897F01221BE711F400A047D1 /* calculator.app */ = {isa = PBXFileReference; explicitFileType = wrapper.application; includeInIndex = 0; path = calculator.app; sourceTree = BUILT_PRODUCTS_DIR; };
		897F01251BE711F400A047D1 /* AppDelegate.swift */ = {isa = PBXFileReference; lastKnownFileType = sourcecode.swift; path = AppDelegate.swift; sourceTree = "<group>"; };
		897F01271BE711F400A047D1 /* ViewController.swift */ = {isa = PBXFileReference; lastKnownFileType = sourcecode.swift; path = ViewController.swift; sourceTree = "<group>"; };
		897F012A1BE711F400A047D1 /* Base */ = {isa = PBXFileReference; lastKnownFileType = file.storyboard; name = Base; path = Base.lproj/Main.storyboard; sourceTree = "<group>"; };
		897F012C1BE711F400A047D1 /* Assets.xcassets */ = {isa = PBXFileReference; lastKnownFileType = folder.assetcatalog; path = Assets.xcassets; sourceTree = "<group>"; };
		897F012F1BE711F400A047D1 /* Base */ = {isa = PBXFileReference; lastKnownFileType = file.storyboard; name = Base; path = Base.lproj/LaunchScreen.storyboard; sourceTree = "<group>"; };
		897F01311BE711F400A047D1 /* Info.plist */ = {isa = PBXFileReference; lastKnownFileType = text.plist.xml; path = Info.plist; sourceTree = "<group>"; };
		897F01361BE711F400A047D1 /* calculatorTests.xctest */ = {isa = PBXFileReference; explicitFileType = wrapper.cfbundle; includeInIndex = 0; path = calculatorTests.xctest; sourceTree = BUILT_PRODUCTS_DIR; };
		897F013A1BE711F400A047D1 /* calculatorTests.swift */ = {isa = PBXFileReference; lastKnownFileType = sourcecode.swift; path = calculatorTests.swift; sourceTree = "<group>"; };
		897F013C1BE711F400A047D1 /* Info.plist */ = {isa = PBXFileReference; lastKnownFileType = text.plist.xml; path = Info.plist; sourceTree = "<group>"; };
		897F01411BE711F400A047D1 /* calculatorUITests.xctest */ = {isa = PBXFileReference; explicitFileType = wrapper.cfbundle; includeInIndex = 0; path = calculatorUITests.xctest; sourceTree = BUILT_PRODUCTS_DIR; };
		897F01451BE711F400A047D1 /* calculatorUITests.swift */ = {isa = PBXFileReference; lastKnownFileType = sourcecode.swift; path = calculatorUITests.swift; sourceTree = "<group>"; };
		897F01471BE711F400A047D1 /* Info.plist */ = {isa = PBXFileReference; lastKnownFileType = text.plist.xml; path = Info.plist; sourceTree = "<group>"; };
/* End PBXFileReference section */

/* Begin PBXFrameworksBuildPhase section */
		897F011F1BE711F400A047D1 /* Frameworks */ = {
			isa = PBXFrameworksBuildPhase;
			buildActionMask = 2147483647;
			files = (
			);
			runOnlyForDeploymentPostprocessing = 0;
		};
		897F01331BE711F400A047D1 /* Frameworks */ = {
			isa = PBXFrameworksBuildPhase;
			buildActionMask = 2147483647;
			files = (
			);
			runOnlyForDeploymentPostprocessing = 0;
		};
		897F013E1BE711F400A047D1 /* Frameworks */ = {
			isa = PBXFrameworksBuildPhase;
			buildActionMask = 2147483647;
			files = (
			);
			runOnlyForDeploymentPostprocessing = 0;
		};
/* End PBXFrameworksBuildPhase section */

/* Begin PBXGroup section */
		897F01191BE711F400A047D1 = {
			isa = PBXGroup;
			children = (
				897F01241BE711F400A047D1 /* calculator */,
				897F01391BE711F400A047D1 /* calculatorTests */,
				897F01441BE711F400A047D1 /* calculatorUITests */,
				897F01231BE711F400A047D1 /* Products */,
			);
			sourceTree = "<group>";
		};
		897F01231BE711F400A047D1 /* Products */ = {
			isa = PBXGroup;
			children = (
				897F01221BE711F400A047D1 /* calculator.app */,
				897F01361BE711F400A047D1 /* calculatorTests.xctest */,
				897F01411BE711F400A047D1 /* calculatorUITests.xctest */,
			);
			name = Products;
			sourceTree = "<group>";
		};
		897F01241BE711F400A047D1 /* calculator */ = {
			isa = PBXGroup;
			children = (
				897F01251BE711F400A047D1 /* AppDelegate.swift */,
				897F01271BE711F400A047D1 /* ViewController.swift */,
				897F01291BE711F400A047D1 /* Main.storyboard */,
				897F012C1BE711F400A047D1 /* Assets.xcassets */,
				897F012E1BE711F400A047D1 /* LaunchScreen.storyboard */,
				897F01311BE711F400A047D1 /* Info.plist */,
			);
			path = calculator;
			sourceTree = "<group>";
		};
		897F01391BE711F400A047D1 /* calculatorTests */ = {
			isa = PBXGroup;
			children = (
				897F013A1BE711F400A047D1 /* calculatorTests.swift */,
				897F013C1BE711F400A047D1 /* Info.plist */,
			);
			path = calculatorTests;
			sourceTree = "<group>";
		};
		897F01441BE711F400A047D1 /* calculatorUITests */ = {
			isa = PBXGroup;
			children = (
				897F01451BE711F400A047D1 /* calculatorUITests.swift */,
				897F01471BE711F400A047D1 /* Info.plist */,
			);
			path = calculatorUITests;
			sourceTree = "<group>";
		};
/* End PBXGroup section */

/* Begin PBXNativeTarget section */
		897F01211BE711F400A047D1 /* calculator */ = {
			isa = PBXNativeTarget;
			buildConfigurationList = 897F014A1BE711F400A047D1 /* Build configuration list for PBXNativeTarget "calculator" */;
			buildPhases = (
				897F011E1BE711F400A047D1 /* Sources */,
				897F011F1BE711F400A047D1 /* Frameworks */,
				897F01201BE711F400A047D1 /* Resources */,
			);
			buildRules = (
			);
			dependencies = (
			);
			name = calculator;
			productName = calculator;
			productReference = 897F01221BE711F400A047D1 /* calculator.app */;
			productType = "com.apple.product-type.application";
		};
		897F01351BE711F400A047D1 /* calculatorTests */ = {
			isa = PBXNativeTarget;
			buildConfigurationList = 897F014D1BE711F400A047D1 /* Build configuration list for PBXNativeTarget "calculatorTests" */;
			buildPhases = (
				897F01321BE711F400A047D1 /* Sources */,
				897F01331BE711F400A047D1 /* Frameworks */,
				897F01341BE711F400A047D1 /* Resources */,
			);
			buildRules = (
			);
			dependencies = (
				897F01381BE711F400A047D1 /* PBXTargetDependency */,
			);
			name = calculatorTests;
			productName = calculatorTests;
			productReference = 897F01361BE711F400A047D1 /* calculatorTests.xctest */;
			productType = "com.apple.product-type.bundle.unit-test";
		};
		897F01401BE711F400A047D1 /* calculatorUITests */ = {
			isa = PBXNativeTarget;
			buildConfigurationList = 897F01501BE711F400A047D1 /* Build configuration list for PBXNativeTarget "calculatorUITests" */;
			buildPhases = (
				897F013D1BE711F400A047D1 /* Sources */,
				897F013E1BE711F400A047D1 /* Frameworks */,
				897F013F1BE711F400A047D1 /* Resources */,
			);
			buildRules = (
			);
			dependencies = (
				897F01431BE711F400A047D1 /* PBXTargetDependency */,
			);
			name = calculatorUITests;
			productName = calculatorUITests;
			productReference = 897F01411BE711F400A047D1 /* calculatorUITests.xctest */;
			productType = "com.apple.product-type.bundle.ui-testing";
		};
/* End PBXNativeTarget section */

/* Begin PBXProject section */
		897F011A1BE711F400A047D1 /* Project object */ = {
			isa = PBXProject;
			attributes = {
				LastSwiftUpdateCheck = 0710;
				LastUpgradeCheck = 0710;
				ORGANIZATIONNAME = "james carrico";
				TargetAttributes = {
					897F01211BE711F400A047D1 = {
						CreatedOnToolsVersion = 7.1;
					};
					897F01351BE711F400A047D1 = {
						CreatedOnToolsVersion = 7.1;
						TestTargetID = 897F01211BE711F400A047D1;
					};
					897F01401BE711F400A047D1 = {
						CreatedOnToolsVersion = 7.1;
						TestTargetID = 897F01211BE711F400A047D1;
					};
				};
			};
			buildConfigurationList = 897F011D1BE711F400A047D1 /* Build configuration list for PBXProject "calculator" */;
			compatibilityVersion = "Xcode 3.2";
			developmentRegion = English;
			hasScannedForEncodings = 0;
			knownRegions = (
				en,
				Base,
			);
			mainGroup = 897F01191BE711F400A047D1;
			productRefGroup = 897F01231BE711F400A047D1 /* Products */;
			projectDirPath = "";
			projectRoot = "";
			targets = (
				897F01211BE711F400A047D1 /* calculator */,
				897F01351BE711F400A047D1 /* calculatorTests */,
				897F01401BE711F400A047D1 /* calculatorUITests */,
			);
		};
/* End PBXProject section */

/* Begin PBXResourcesBuildPhase section */
		897F01201BE711F400A047D1 /* Resources */ = {
			isa = PBXResourcesBuildPhase;
			buildActionMask = 2147483647;
			files = (
				897F01301BE711F400A047D1 /* LaunchScreen.storyboard in Resources */,
				897F012D1BE711F400A047D1 /* Assets.xcassets in Resources */,
				897F012B1BE711F400A047D1 /* Main.storyboard in Resources */,
			);
			runOnlyForDeploymentPostprocessing = 0;
		};
		897F01341BE711F400A047D1 /* Resources */ = {
			isa = PBXResourcesBuildPhase;
			buildActionMask = 2147483647;
			files = (
			);
			runOnlyForDeploymentPostprocessing = 0;
		};
		897F013F1BE711F400A047D1 /* Resources */ = {
			isa = PBXResourcesBuildPhase;
			buildActionMask = 2147483647;
			files = (
			);
			runOnlyForDeploymentPostprocessing = 0;
		};
/* End PBXResourcesBuildPhase section */

/* Begin PBXSourcesBuildPhase section */
		897F011E1BE711F400A047D1 /* Sources */ = {
			isa = PBXSourcesBuildPhase;
			buildActionMask = 2147483647;
			files = (
				897F01281BE711F400A047D1 /* ViewController.swift in Sources */,
				897F01261BE711F400A047D1 /* AppDelegate.swift in Sources */,
			);
			runOnlyForDeploymentPostprocessing = 0;
		};
		897F01321BE711F400A047D1 /* Sources */ = {
			isa = PBXSourcesBuildPhase;
			buildActionMask = 2147483647;
			files = (
				897F013B1BE711F400A047D1 /* calculatorTests.swift in Sources */,
			);
			runOnlyForDeploymentPostprocessing = 0;
		};
		897F013D1BE711F400A047D1 /* Sources */ = {
			isa = PBXSourcesBuildPhase;
			buildActionMask = 2147483647;
			files = (
				897F01461BE711F400A047D1 /* calculatorUITests.swift in Sources */,
			);
			runOnlyForDeploymentPostprocessing = 0;
		};
/* End PBXSourcesBuildPhase section */

/* Begin PBXTargetDependency section */
		897F01381BE711F400A047D1 /* PBXTargetDependency */ = {
			isa = PBXTargetDependency;
			target = 897F01211BE711F400A047D1 /* calculator */;
			targetProxy = 897F01371BE711F400A047D1 /* PBXContainerItemProxy */;
		};
		897F01431BE711F400A047D1 /* PBXTargetDependency */ = {
			isa = PBXTargetDependency;
			target = 897F01211BE711F400A047D1 /* calculator */;
			targetProxy = 897F01421BE711F400A047D1 /* PBXContainerItemProxy */;
		};
/* End PBXTargetDependency section */

/* Begin PBXVariantGroup section */
		897F01291BE711F400A047D1 /* Main.storyboard */ = {
			isa = PBXVariantGroup;
			children = (
				897F012A1BE711F400A047D1 /* Base */,
			);
			name = Main.storyboard;
			sourceTree = "<group>";
		};
		897F012E1BE711F400A047D1 /* LaunchScreen.storyboard */ = {
			isa = PBXVariantGroup;
			children = (
				897F012F1BE711F400A047D1 /* Base */,
			);
			name = LaunchScreen.storyboard;
			sourceTree = "<group>";
		};
/* End PBXVariantGroup section */

/* Begin XCBuildConfiguration section */
		897F01481BE711F400A047D1 /* Debug */ = {
			isa = XCBuildConfiguration;
			buildSettings = {
				ALWAYS_SEARCH_USER_PATHS = NO;
				CLANG_CXX_LANGUAGE_STANDARD = "gnu++0x";
				CLANG_CXX_LIBRARY = "libc++";
				CLANG_ENABLE_MODULES = YES;
				CLANG_ENABLE_OBJC_ARC = YES;
				CLANG_WARN_BOOL_CONVERSION = YES;
				CLANG_WARN_CONSTANT_CONVERSION = YES;
				CLANG_WARN_DIRECT_OBJC_ISA_USAGE = YES_ERROR;
				CLANG_WARN_EMPTY_BODY = YES;
				CLANG_WARN_ENUM_CONVERSION = YES;
				CLANG_WARN_INT_CONVERSION = YES;
				CLANG_WARN_OBJC_ROOT_CLASS = YES_ERROR;
				CLANG_WARN_UNREACHABLE_CODE = YES;
				CLANG_WARN__DUPLICATE_METHOD_MATCH = YES;
				"CODE_SIGN_IDENTITY[sdk=iphoneos*]" = "iPhone Developer";
				COPY_PHASE_STRIP = NO;
				DEBUG_INFORMATION_FORMAT = dwarf;
				ENABLE_STRICT_OBJC_MSGSEND = YES;
				ENABLE_TESTABILITY = YES;
				GCC_C_LANGUAGE_STANDARD = gnu99;
				GCC_DYNAMIC_NO_PIC = NO;
				GCC_NO_COMMON_BLOCKS = YES;
				GCC_OPTIMIZATION_LEVEL = 0;
				GCC_PREPROCESSOR_DEFINITIONS = (
					"DEBUG=1",
					"$(inherited)",
				);
				GCC_WARN_64_TO_32_BIT_CONVERSION = YES;
				GCC_WARN_ABOUT_RETURN_TYPE = YES_ERROR;
				GCC_WARN_UNDECLARED_SELECTOR = YES;
				GCC_WARN_UNINITIALIZED_AUTOS = YES_AGGRESSIVE;
				GCC_WARN_UNUSED_FUNCTION = YES;
				GCC_WARN_UNUSED_VARIABLE = YES;
				IPHONEOS_DEPLOYMENT_TARGET = 9.1;
				MTL_ENABLE_DEBUG_INFO = YES;
				ONLY_ACTIVE_ARCH = YES;
				SDKROOT = iphoneos;
				SWIFT_OPTIMIZATION_LEVEL = "-Onone";
				TARGETED_DEVICE_FAMILY = "1,2";
			};
			name = Debug;
		};
		897F01491BE711F400A047D1 /* Release */ = {
			isa = XCBuildConfiguration;
			buildSettings = {
				ALWAYS_SEARCH_USER_PATHS = NO;
				CLANG_CXX_LANGUAGE_STANDARD = "gnu++0x";
				CLANG_CXX_LIBRARY = "libc++";
				CLANG_ENABLE_MODULES = YES;
				CLANG_ENABLE_OBJC_ARC = YES;
				CLANG_WARN_BOOL_CONVERSION = YES;
				CLANG_WARN_CONSTANT_CONVERSION = YES;
				CLANG_WARN_DIRECT_OBJC_ISA_USAGE = YES_ERROR;
				CLANG_WARN_EMPTY_BODY = YES;
				CLANG_WARN_ENUM_CONVERSION = YES;
				CLANG_WARN_INT_CONVERSION = YES;
				CLANG_WARN_OBJC_ROOT_CLASS = YES_ERROR;
				CLANG_WARN_UNREACHABLE_CODE = YES;
				CLANG_WARN__DUPLICATE_METHOD_MATCH = YES;
				"CODE_SIGN_IDENTITY[sdk=iphoneos*]" = "iPhone Developer";
				COPY_PHASE_STRIP = NO;
				DEBUG_INFORMATION_FORMAT = "dwarf-with-dsym";
				ENABLE_NS_ASSERTIONS = NO;
				ENABLE_STRICT_OBJC_MSGSEND = YES;
				GCC_C_LANGUAGE_STANDARD = gnu99;
				GCC_NO_COMMON_BLOCKS = YES;
				GCC_WARN_64_TO_32_BIT_CONVERSION = YES;
				GCC_WARN_ABOUT_RETURN_TYPE = YES_ERROR;
				GCC_WARN_UNDECLARED_SELECTOR = YES;
				GCC_WARN_UNINITIALIZED_AUTOS = YES_AGGRESSIVE;
				GCC_WARN_UNUSED_FUNCTION = YES;
				GCC_WARN_UNUSED_VARIABLE = YES;
				IPHONEOS_DEPLOYMENT_TARGET = 9.1;
				MTL_ENABLE_DEBUG_INFO = NO;
				SDKROOT = iphoneos;
				TARGETED_DEVICE_FAMILY = "1,2";
				VALIDATE_PRODUCT = YES;
			};
			name = Release;
		};
		897F014B1BE711F400A047D1 /* Debug */ = {
			isa = XCBuildConfiguration;
			buildSettings = {
				ASSETCATALOG_COMPILER_APPICON_NAME = AppIcon;
				INFOPLIST_FILE = calculator/Info.plist;
				LD_RUNPATH_SEARCH_PATHS = "$(inherited) @executable_path/Frameworks";
				PRODUCT_BUNDLE_IDENTIFIER = com.jamescarrico.calculator;
				PRODUCT_NAME = "$(TARGET_NAME)";
			};
			name = Debug;
		};
		897F014C1BE711F400A047D1 /* Release */ = {
			isa = XCBuildConfiguration;
			buildSettings = {
				ASSETCATALOG_COMPILER_APPICON_NAME = AppIcon;
				INFOPLIST_FILE = calculator/Info.plist;
				LD_RUNPATH_SEARCH_PATHS = "$(inherited) @executable_path/Frameworks";
				PRODUCT_BUNDLE_IDENTIFIER = com.jamescarrico.calculator;
				PRODUCT_NAME = "$(TARGET_NAME)";
			};
			name = Release;
		};
		897F014E1BE711F400A047D1 /* Debug */ = {
			isa = XCBuildConfiguration;
			buildSettings = {
				BUNDLE_LOADER = "$(TEST_HOST)";
				INFOPLIST_FILE = calculatorTests/Info.plist;
				LD_RUNPATH_SEARCH_PATHS = "$(inherited) @executable_path/Frameworks @loader_path/Frameworks";
				PRODUCT_BUNDLE_IDENTIFIER = com.jamescarrico.calculatorTests;
				PRODUCT_NAME = "$(TARGET_NAME)";
				TEST_HOST = "$(BUILT_PRODUCTS_DIR)/calculator.app/calculator";
			};
			name = Debug;
		};
		897F014F1BE711F400A047D1 /* Release */ = {
			isa = XCBuildConfiguration;
			buildSettings = {
				BUNDLE_LOADER = "$(TEST_HOST)";
				INFOPLIST_FILE = calculatorTests/Info.plist;
				LD_RUNPATH_SEARCH_PATHS = "$(inherited) @executable_path/Frameworks @loader_path/Frameworks";
				PRODUCT_BUNDLE_IDENTIFIER = com.jamescarrico.calculatorTests;
				PRODUCT_NAME = "$(TARGET_NAME)";
				TEST_HOST = "$(BUILT_PRODUCTS_DIR)/calculator.app/calculator";
			};
			name = Release;
		};
		897F01511BE711F400A047D1 /* Debug */ = {
			isa = XCBuildConfiguration;
			buildSettings = {
				INFOPLIST_FILE = calculatorUITests/Info.plist;
				LD_RUNPATH_SEARCH_PATHS = "$(inherited) @executable_path/Frameworks @loader_path/Frameworks";
				PRODUCT_BUNDLE_IDENTIFIER = com.jamescarrico.calculatorUITests;
				PRODUCT_NAME = "$(TARGET_NAME)";
				TEST_TARGET_NAME = calculator;
				USES_XCTRUNNER = YES;
			};
			name = Debug;
		};
		897F01521BE711F400A047D1 /* Release */ = {
			isa = XCBuildConfiguration;
			buildSettings = {
				INFOPLIST_FILE = calculatorUITests/Info.plist;
				LD_RUNPATH_SEARCH_PATHS = "$(inherited) @executable_path/Frameworks @loader_path/Frameworks";
				PRODUCT_BUNDLE_IDENTIFIER = com.jamescarrico.calculatorUITests;
				PRODUCT_NAME = "$(TARGET_NAME)";
				TEST_TARGET_NAME = calculator;
				USES_XCTRUNNER = YES;
			};
			name = Release;
		};
/* End XCBuildConfiguration section */

/* Begin XCConfigurationList section */
		897F011D1BE711F400A047D1 /* Build configuration list for PBXProject "calculator" */ = {
			isa = XCConfigurationList;
			buildConfigurations = (
				897F01481BE711F400A047D1 /* Debug */,
				897F01491BE711F400A047D1 /* Release */,
			);
			defaultConfigurationIsVisible = 0;
			defaultConfigurationName = Release;
		};
		897F014A1BE711F400A047D1 /* Build configuration list for PBXNativeTarget "calculator" */ = {
			isa = XCConfigurationList;
			buildConfigurations = (
				897F014B1BE711F400A047D1 /* Debug */,
				897F014C1BE711F400A047D1 /* Release */,
			);
			defaultConfigurationIsVisible = 0;
		};
		897F014D1BE711F400A047D1 /* Build configuration list for PBXNativeTarget "calculatorTests" */ = {
			isa = XCConfigurationList;
			buildConfigurations = (
				897F014E1BE711F400A047D1 /* Debug */,
				897F014F1BE711F400A047D1 /* Release */,
			);
			defaultConfigurationIsVisible = 0;
		};
		897F01501BE711F400A047D1 /* Build configuration list for PBXNativeTarget "calculatorUITests" */ = {
			isa = XCConfigurationList;
			buildConfigurations = (
				897F01511BE711F400A047D1 /* Debug */,
				897F01521BE711F400A047D1 /* Release */,
			);
			defaultConfigurationIsVisible = 0;
		};
/* End XCConfigurationList section */
	};
	rootObject = 897F011A1BE711F400A047D1 /* Project object */;
}
